{
  "version": "5",
  "specifiers": {
    "jsr:@std/assert@1": "1.0.12",
    "jsr:@std/bytes@^1.0.6": "1.0.6",
    "jsr:@std/crypto@^1.0.5": "1.0.5",
    "jsr:@std/dotenv@*": "0.225.3",
    "jsr:@std/internal@^1.0.6": "1.0.6",
    "jsr:@std/uuid@^1.0.9": "1.0.9",
    "npm:@buape/carbon@0.13.0": "0.13.0_hono@4.7.10",
    "npm:@discordjs/formatters@*": "0.6.0",
    "npm:@discordjs/formatters@0.6.0": "0.6.0",
    "npm:@octokit/plugin-create-or-update-text-file@^6.0.2": "6.0.2_@octokit+core@7.0.6",
    "npm:@octokit/rest@^22.0.1": "22.0.1_@octokit+core@7.0.6",
    "npm:date-fns@^4.1.0": "4.1.0",
    "npm:dotenv@*": "17.2.3",
    "npm:dotenv@^17.2.3": "17.2.3",
    "npm:es-toolkit@^1.41.0": "1.41.0",
    "npm:fast-fuzzy@*": "1.12.0",
    "npm:fast-fuzzy@^1.12.0": "1.12.0",
    "npm:file-system-cache@*": "2.4.7",
    "npm:file-system-cache@2.4.7": "2.4.7",
    "npm:fuse.js@*": "7.1.0",
    "npm:fuse.js@^7.1.0": "7.1.0",
    "npm:hono@*": "4.7.10",
    "npm:hono@^4.7.10": "4.7.10",
    "npm:ky-universal@*": "0.12.0_ky@1.14.0",
    "npm:ky@*": "1.14.0",
    "npm:ky@^1.14.0": "1.14.0",
    "npm:lru-cache@*": "11.2.2",
    "npm:lru-cache@^11.2.2": "11.2.2",
    "npm:node-fetch-cache@*": "5.0.2",
    "npm:octokit@^5.0.5": "5.0.5_@octokit+core@7.0.6",
    "npm:pino@*": "10.1.0",
    "npm:pino@^10.1.0": "10.1.0",
    "npm:safe-stable-stringify@^2.5.0": "2.5.0",
    "npm:sharp@*": "0.34.5",
    "npm:sharp@~0.34.5": "0.34.5",
    "npm:typescript-result@*": "3.1.1"
  },
  "jsr": {
    "@std/assert@1.0.12": {
      "integrity": "08009f0926dda9cbd8bef3a35d3b6a4b964b0ab5c3e140a4e0351fbf34af5b9a",
      "dependencies": [
        "jsr:@std/internal"
      ]
    },
    "@std/bytes@1.0.6": {
      "integrity": "f6ac6adbd8ccd99314045f5703e23af0a68d7f7e58364b47d2c7f408aeb5820a"
    },
    "@std/crypto@1.0.5": {
      "integrity": "0dcfbb319fe0bba1bd3af904ceb4f948cde1b92979ec1614528380ed308a3b40"
    },
    "@std/dotenv@0.225.3": {
      "integrity": "a95e5b812c27b0854c52acbae215856d9cce9d4bbf774d938c51d212711e8d4a"
    },
    "@std/internal@1.0.6": {
      "integrity": "9533b128f230f73bd209408bb07a4b12f8d4255ab2a4d22a1fd6d87304aca9a4"
    },
    "@std/uuid@1.0.9": {
      "integrity": "44b627bf2d372fe1bd099e2ad41b2be41a777fc94e62a3151006895a037f1642",
      "dependencies": [
        "jsr:@std/bytes",
        "jsr:@std/crypto"
      ]
    }
  },
  "npm": {
    "@buape/carbon@0.13.0_hono@4.7.10": {
      "integrity": "sha512-N52sGIJj832IezL+JmekC4gE7cCORj8r8mCJ1vsHOZiyr3O2pvsUA930E1j+rjStkd67TLxURPRMrpyqAFveIg==",
      "dependencies": [
        "@types/node@22.19.0",
        "discord-api-types@0.38.29"
      ],
      "optionalDependencies": [
        "@cloudflare/workers-types",
        "@hono/node-server",
        "@types/bun",
        "@types/ws",
        "ws"
      ]
    },
    "@cloudflare/workers-types@4.20250513.0": {
      "integrity": "sha512-TXaQyWLqhxEmi/DHx+VSaHZ4DHF/uJCPVv/hRyC7M/eWBo/I7mBtAkUEsrhqcKKO9oCeeRUHUHoeRLh5Gd96Gg=="
    },
    "@discordjs/formatters@0.6.0": {
      "integrity": "sha512-YIruKw4UILt/ivO4uISmrGq2GdMY6EkoTtD0oS0GvkJFRZbTSdPhzYiUILbJ/QslsvC9H9nTgGgnarnIl4jMfw==",
      "dependencies": [
        "discord-api-types@0.37.120"
      ]
    },
    "@emnapi/runtime@1.7.0": {
      "integrity": "sha512-oAYoQnCYaQZKVS53Fq23ceWMRxq5EhQsE0x0RdQ55jT7wagMu5k+fS39v1fiSLrtrLQlXwVINenqhLMtTrV/1Q==",
      "dependencies": [
        "tslib"
      ]
    },
    "@hono/node-server@1.18.2_hono@4.7.10": {
      "integrity": "sha512-icgNvC0vRYivzyuSSaUv9ttcwtN8fDyd1k3AOIBDJgYd84tXRZSS6na8X54CY/oYoFTNhEmZraW/Rb9XYwX4KA==",
      "dependencies": [
        "hono"
      ]
    },
    "@img/colour@1.0.0": {
      "integrity": "sha512-A5P/LfWGFSl6nsckYtjw9da+19jB8hkJ6ACTGcDfEJ0aE+l2n2El7dsVM7UVHZQ9s2lmYMWlrS21YLy2IR1LUw=="
    },
    "@img/sharp-darwin-arm64@0.34.5": {
      "integrity": "sha512-imtQ3WMJXbMY4fxb/Ndp6HBTNVtWCUI0WdobyheGf5+ad6xX8VIDO8u2xE4qc/fr08CKG/7dDseFtn6M6g/r3w==",
      "optionalDependencies": [
        "@img/sharp-libvips-darwin-arm64"
      ],
      "os": ["darwin"],
      "cpu": ["arm64"]
    },
    "@img/sharp-darwin-x64@0.34.5": {
      "integrity": "sha512-YNEFAF/4KQ/PeW0N+r+aVVsoIY0/qxxikF2SWdp+NRkmMB7y9LBZAVqQ4yhGCm/H3H270OSykqmQMKLBhBJDEw==",
      "optionalDependencies": [
        "@img/sharp-libvips-darwin-x64"
      ],
      "os": ["darwin"],
      "cpu": ["x64"]
    },
    "@img/sharp-libvips-darwin-arm64@1.2.4": {
      "integrity": "sha512-zqjjo7RatFfFoP0MkQ51jfuFZBnVE2pRiaydKJ1G/rHZvnsrHAOcQALIi9sA5co5xenQdTugCvtb1cuf78Vf4g==",
      "os": ["darwin"],
      "cpu": ["arm64"]
    },
    "@img/sharp-libvips-darwin-x64@1.2.4": {
      "integrity": "sha512-1IOd5xfVhlGwX+zXv2N93k0yMONvUlANylbJw1eTah8K/Jtpi15KC+WSiaX/nBmbm2HxRM1gZ0nSdjSsrZbGKg==",
      "os": ["darwin"],
      "cpu": ["x64"]
    },
    "@img/sharp-libvips-linux-arm64@1.2.4": {
      "integrity": "sha512-excjX8DfsIcJ10x1Kzr4RcWe1edC9PquDRRPx3YVCvQv+U5p7Yin2s32ftzikXojb1PIFc/9Mt28/y+iRklkrw==",
      "os": ["linux"],
      "cpu": ["arm64"]
    },
    "@img/sharp-libvips-linux-arm@1.2.4": {
      "integrity": "sha512-bFI7xcKFELdiNCVov8e44Ia4u2byA+l3XtsAj+Q8tfCwO6BQ8iDojYdvoPMqsKDkuoOo+X6HZA0s0q11ANMQ8A==",
      "os": ["linux"],
      "cpu": ["arm"]
    },
    "@img/sharp-libvips-linux-ppc64@1.2.4": {
      "integrity": "sha512-FMuvGijLDYG6lW+b/UvyilUWu5Ayu+3r2d1S8notiGCIyYU/76eig1UfMmkZ7vwgOrzKzlQbFSuQfgm7GYUPpA==",
      "os": ["linux"],
      "cpu": ["ppc64"]
    },
    "@img/sharp-libvips-linux-riscv64@1.2.4": {
      "integrity": "sha512-oVDbcR4zUC0ce82teubSm+x6ETixtKZBh/qbREIOcI3cULzDyb18Sr/Wcyx7NRQeQzOiHTNbZFF1UwPS2scyGA==",
      "os": ["linux"],
      "cpu": ["riscv64"]
    },
    "@img/sharp-libvips-linux-s390x@1.2.4": {
      "integrity": "sha512-qmp9VrzgPgMoGZyPvrQHqk02uyjA0/QrTO26Tqk6l4ZV0MPWIW6LTkqOIov+J1yEu7MbFQaDpwdwJKhbJvuRxQ==",
      "os": ["linux"],
      "cpu": ["s390x"]
    },
    "@img/sharp-libvips-linux-x64@1.2.4": {
      "integrity": "sha512-tJxiiLsmHc9Ax1bz3oaOYBURTXGIRDODBqhveVHonrHJ9/+k89qbLl0bcJns+e4t4rvaNBxaEZsFtSfAdquPrw==",
      "os": ["linux"],
      "cpu": ["x64"]
    },
    "@img/sharp-libvips-linuxmusl-arm64@1.2.4": {
      "integrity": "sha512-FVQHuwx1IIuNow9QAbYUzJ+En8KcVm9Lk5+uGUQJHaZmMECZmOlix9HnH7n1TRkXMS0pGxIJokIVB9SuqZGGXw==",
      "os": ["linux"],
      "cpu": ["arm64"]
    },
    "@img/sharp-libvips-linuxmusl-x64@1.2.4": {
      "integrity": "sha512-+LpyBk7L44ZIXwz/VYfglaX/okxezESc6UxDSoyo2Ks6Jxc4Y7sGjpgU9s4PMgqgjj1gZCylTieNamqA1MF7Dg==",
      "os": ["linux"],
      "cpu": ["x64"]
    },
    "@img/sharp-linux-arm64@0.34.5": {
      "integrity": "sha512-bKQzaJRY/bkPOXyKx5EVup7qkaojECG6NLYswgktOZjaXecSAeCWiZwwiFf3/Y+O1HrauiE3FVsGxFg8c24rZg==",
      "optionalDependencies": [
        "@img/sharp-libvips-linux-arm64"
      ],
      "os": ["linux"],
      "cpu": ["arm64"]
    },
    "@img/sharp-linux-arm@0.34.5": {
      "integrity": "sha512-9dLqsvwtg1uuXBGZKsxem9595+ujv0sJ6Vi8wcTANSFpwV/GONat5eCkzQo/1O6zRIkh0m/8+5BjrRr7jDUSZw==",
      "optionalDependencies": [
        "@img/sharp-libvips-linux-arm"
      ],
      "os": ["linux"],
      "cpu": ["arm"]
    },
    "@img/sharp-linux-ppc64@0.34.5": {
      "integrity": "sha512-7zznwNaqW6YtsfrGGDA6BRkISKAAE1Jo0QdpNYXNMHu2+0dTrPflTLNkpc8l7MUP5M16ZJcUvysVWWrMefZquA==",
      "optionalDependencies": [
        "@img/sharp-libvips-linux-ppc64"
      ],
      "os": ["linux"],
      "cpu": ["ppc64"]
    },
    "@img/sharp-linux-riscv64@0.34.5": {
      "integrity": "sha512-51gJuLPTKa7piYPaVs8GmByo7/U7/7TZOq+cnXJIHZKavIRHAP77e3N2HEl3dgiqdD/w0yUfiJnII77PuDDFdw==",
      "optionalDependencies": [
        "@img/sharp-libvips-linux-riscv64"
      ],
      "os": ["linux"],
      "cpu": ["riscv64"]
    },
    "@img/sharp-linux-s390x@0.34.5": {
      "integrity": "sha512-nQtCk0PdKfho3eC5MrbQoigJ2gd1CgddUMkabUj+rBevs8tZ2cULOx46E7oyX+04WGfABgIwmMC0VqieTiR4jg==",
      "optionalDependencies": [
        "@img/sharp-libvips-linux-s390x"
      ],
      "os": ["linux"],
      "cpu": ["s390x"]
    },
    "@img/sharp-linux-x64@0.34.5": {
      "integrity": "sha512-MEzd8HPKxVxVenwAa+JRPwEC7QFjoPWuS5NZnBt6B3pu7EG2Ge0id1oLHZpPJdn3OQK+BQDiw9zStiHBTJQQQQ==",
      "optionalDependencies": [
        "@img/sharp-libvips-linux-x64"
      ],
      "os": ["linux"],
      "cpu": ["x64"]
    },
    "@img/sharp-linuxmusl-arm64@0.34.5": {
      "integrity": "sha512-fprJR6GtRsMt6Kyfq44IsChVZeGN97gTD331weR1ex1c1rypDEABN6Tm2xa1wE6lYb5DdEnk03NZPqA7Id21yg==",
      "optionalDependencies": [
        "@img/sharp-libvips-linuxmusl-arm64"
      ],
      "os": ["linux"],
      "cpu": ["arm64"]
    },
    "@img/sharp-linuxmusl-x64@0.34.5": {
      "integrity": "sha512-Jg8wNT1MUzIvhBFxViqrEhWDGzqymo3sV7z7ZsaWbZNDLXRJZoRGrjulp60YYtV4wfY8VIKcWidjojlLcWrd8Q==",
      "optionalDependencies": [
        "@img/sharp-libvips-linuxmusl-x64"
      ],
      "os": ["linux"],
      "cpu": ["x64"]
    },
    "@img/sharp-wasm32@0.34.5": {
      "integrity": "sha512-OdWTEiVkY2PHwqkbBI8frFxQQFekHaSSkUIJkwzclWZe64O1X4UlUjqqqLaPbUpMOQk6FBu/HtlGXNblIs0huw==",
      "dependencies": [
        "@emnapi/runtime"
      ],
      "cpu": ["wasm32"]
    },
    "@img/sharp-win32-arm64@0.34.5": {
      "integrity": "sha512-WQ3AgWCWYSb2yt+IG8mnC6Jdk9Whs7O0gxphblsLvdhSpSTtmu69ZG1Gkb6NuvxsNACwiPV6cNSZNzt0KPsw7g==",
      "os": ["win32"],
      "cpu": ["arm64"]
    },
    "@img/sharp-win32-ia32@0.34.5": {
      "integrity": "sha512-FV9m/7NmeCmSHDD5j4+4pNI8Cp3aW+JvLoXcTUo0IqyjSfAZJ8dIUmijx1qaJsIiU+Hosw6xM5KijAWRJCSgNg==",
      "os": ["win32"],
      "cpu": ["ia32"]
    },
    "@img/sharp-win32-x64@0.34.5": {
      "integrity": "sha512-+29YMsqY2/9eFEiW93eqWnuLcWcufowXewwSNIT6UwZdUUCrM3oFjMWH/Z6/TMmb4hlFenmfAVbpWeup2jryCw==",
      "os": ["win32"],
      "cpu": ["x64"]
    },
    "@isaacs/cliui@8.0.2": {
      "integrity": "sha512-O8jcjabXaleOG9DQ0+ARXWZBTfnP4WNAqzuiJK7ll44AmxGKv/J2M4TPjxjY3znBCfvBXFzucm1twdyFybFqEA==",
      "dependencies": [
        "string-width@5.1.2",
        "string-width-cjs@npm:string-width@4.2.3",
        "strip-ansi@7.1.0",
        "strip-ansi-cjs@npm:strip-ansi@6.0.1",
        "wrap-ansi@8.1.0",
        "wrap-ansi-cjs@npm:wrap-ansi@7.0.0"
      ]
    },
    "@npmcli/fs@3.1.1": {
      "integrity": "sha512-q9CRWjpHCMIh5sVyefoD1cA7PkvILqCZsnSOEUUivORLjxCO/Irmue2DprETiNgEqktDBZaM1Bi+jrarx1XdCg==",
      "dependencies": [
        "semver@7.7.2"
      ]
    },
    "@octokit/app@16.1.2_@octokit+core@7.0.6": {
      "integrity": "sha512-8j7sEpUYVj18dxvh0KWj6W/l6uAiVRBl1JBDVRqH1VHKAO/G5eRVl4yEoYACjakWers1DjUkcCHyJNQK47JqyQ==",
      "dependencies": [
        "@octokit/auth-app",
        "@octokit/auth-unauthenticated",
        "@octokit/core",
        "@octokit/oauth-app",
        "@octokit/plugin-paginate-rest",
        "@octokit/types@16.0.0",
        "@octokit/webhooks"
      ]
    },
    "@octokit/auth-app@8.1.2": {
      "integrity": "sha512-db8VO0PqXxfzI6GdjtgEFHY9tzqUql5xMFXYA12juq8TeTgPAuiiP3zid4h50lwlIP457p5+56PnJOgd2GGBuw==",
      "dependencies": [
        "@octokit/auth-oauth-app",
        "@octokit/auth-oauth-user",
        "@octokit/request",
        "@octokit/request-error",
        "@octokit/types@16.0.0",
        "toad-cache",
        "universal-github-app-jwt",
        "universal-user-agent"
      ]
    },
    "@octokit/auth-oauth-app@9.0.3": {
      "integrity": "sha512-+yoFQquaF8OxJSxTb7rnytBIC2ZLbLqA/yb71I4ZXT9+Slw4TziV9j/kyGhUFRRTF2+7WlnIWsePZCWHs+OGjg==",
      "dependencies": [
        "@octokit/auth-oauth-device",
        "@octokit/auth-oauth-user",
        "@octokit/request",
        "@octokit/types@16.0.0",
        "universal-user-agent"
      ]
    },
    "@octokit/auth-oauth-device@8.0.3": {
      "integrity": "sha512-zh2W0mKKMh/VWZhSqlaCzY7qFyrgd9oTWmTmHaXnHNeQRCZr/CXy2jCgHo4e4dJVTiuxP5dLa0YM5p5QVhJHbw==",
      "dependencies": [
        "@octokit/oauth-methods",
        "@octokit/request",
        "@octokit/types@16.0.0",
        "universal-user-agent"
      ]
    },
    "@octokit/auth-oauth-user@6.0.2": {
      "integrity": "sha512-qLoPPc6E6GJoz3XeDG/pnDhJpTkODTGG4kY0/Py154i/I003O9NazkrwJwRuzgCalhzyIeWQ+6MDvkUmKXjg/A==",
      "dependencies": [
        "@octokit/auth-oauth-device",
        "@octokit/oauth-methods",
        "@octokit/request",
        "@octokit/types@16.0.0",
        "universal-user-agent"
      ]
    },
    "@octokit/auth-token@6.0.0": {
      "integrity": "sha512-P4YJBPdPSpWTQ1NU4XYdvHvXJJDxM6YwpS0FZHRgP7YFkdVxsWcpWGy/NVqlAA7PcPCnMacXlRm1y2PFZRWL/w=="
    },
    "@octokit/auth-unauthenticated@7.0.3": {
      "integrity": "sha512-8Jb1mtUdmBHL7lGmop9mU9ArMRUTRhg8vp0T1VtZ4yd9vEm3zcLwmjQkhNEduKawOOORie61xhtYIhTDN+ZQ3g==",
      "dependencies": [
        "@octokit/request-error",
        "@octokit/types@16.0.0"
      ]
    },
    "@octokit/core@7.0.6": {
      "integrity": "sha512-DhGl4xMVFGVIyMwswXeyzdL4uXD5OGILGX5N8Y+f6W7LhC1Ze2poSNrkF/fedpVDHEEZ+PHFW0vL14I+mm8K3Q==",
      "dependencies": [
        "@octokit/auth-token",
        "@octokit/graphql",
        "@octokit/request",
        "@octokit/request-error",
        "@octokit/types@16.0.0",
        "before-after-hook",
        "universal-user-agent"
      ]
    },
    "@octokit/endpoint@11.0.2": {
      "integrity": "sha512-4zCpzP1fWc7QlqunZ5bSEjxc6yLAlRTnDwKtgXfcI/FxxGoqedDG8V2+xJ60bV2kODqcGB+nATdtap/XYq2NZQ==",
      "dependencies": [
        "@octokit/types@16.0.0",
        "universal-user-agent"
      ]
    },
    "@octokit/graphql@9.0.3": {
      "integrity": "sha512-grAEuupr/C1rALFnXTv6ZQhFuL1D8G5y8CN04RgrO4FIPMrtm+mcZzFG7dcBm+nq+1ppNixu+Jd78aeJOYxlGA==",
      "dependencies": [
        "@octokit/request",
        "@octokit/types@16.0.0",
        "universal-user-agent"
      ]
    },
    "@octokit/oauth-app@8.0.3": {
      "integrity": "sha512-jnAjvTsPepyUaMu9e69hYBuozEPgYqP4Z3UnpmvoIzHDpf8EXDGvTY1l1jK0RsZ194oRd+k6Hm13oRU8EoDFwg==",
      "dependencies": [
        "@octokit/auth-oauth-app",
        "@octokit/auth-oauth-user",
        "@octokit/auth-unauthenticated",
        "@octokit/core",
        "@octokit/oauth-authorization-url",
        "@octokit/oauth-methods",
        "@types/aws-lambda",
        "universal-user-agent"
      ]
    },
    "@octokit/oauth-authorization-url@8.0.0": {
      "integrity": "sha512-7QoLPRh/ssEA/HuHBHdVdSgF8xNLz/Bc5m9fZkArJE5bb6NmVkDm3anKxXPmN1zh6b5WKZPRr3697xKT/yM3qQ=="
    },
    "@octokit/oauth-methods@6.0.2": {
      "integrity": "sha512-HiNOO3MqLxlt5Da5bZbLV8Zarnphi4y9XehrbaFMkcoJ+FL7sMxH/UlUsCVxpddVu4qvNDrBdaTVE2o4ITK8ng==",
      "dependencies": [
        "@octokit/oauth-authorization-url",
        "@octokit/request",
        "@octokit/request-error",
        "@octokit/types@16.0.0"
      ]
    },
    "@octokit/openapi-types@26.0.0": {
      "integrity": "sha512-7AtcfKtpo77j7Ts73b4OWhOZHTKo/gGY8bB3bNBQz4H+GRSWqx2yvj8TXRsbdTE0eRmYmXOEY66jM7mJ7LzfsA=="
    },
    "@octokit/openapi-types@27.0.0": {
      "integrity": "sha512-whrdktVs1h6gtR+09+QsNk2+FO+49j6ga1c55YZudfEG+oKJVvJLQi3zkOm5JjiUXAagWK2tI2kTGKJ2Ys7MGA=="
    },
    "@octokit/openapi-webhooks-types@12.0.3": {
      "integrity": "sha512-90MF5LVHjBedwoHyJsgmaFhEN1uzXyBDRLEBe7jlTYx/fEhPAk3P3DAJsfZwC54m8hAIryosJOL+UuZHB3K3yA=="
    },
    "@octokit/plugin-create-or-update-text-file@6.0.2_@octokit+core@7.0.6": {
      "integrity": "sha512-qjJaVg+4v1dsAjm/Ryyo8ps0A8kIKjg4H2jmQF9vVRyRTJZzacgCCPHVDbbbelGaf34sT5sfvqZF+A9kSonarw==",
      "dependencies": [
        "@octokit/core",
        "@octokit/request-error",
        "@octokit/types@15.0.2"
      ]
    },
    "@octokit/plugin-paginate-graphql@6.0.0_@octokit+core@7.0.6": {
      "integrity": "sha512-crfpnIoFiBtRkvPqOyLOsw12XsveYuY2ieP6uYDosoUegBJpSVxGwut9sxUgFFcll3VTOTqpUf8yGd8x1OmAkQ==",
      "dependencies": [
        "@octokit/core"
      ]
    },
    "@octokit/plugin-paginate-rest@14.0.0_@octokit+core@7.0.6": {
      "integrity": "sha512-fNVRE7ufJiAA3XUrha2omTA39M6IXIc6GIZLvlbsm8QOQCYvpq/LkMNGyFlB1d8hTDzsAXa3OKtybdMAYsV/fw==",
      "dependencies": [
        "@octokit/core",
        "@octokit/types@16.0.0"
      ]
    },
    "@octokit/plugin-request-log@6.0.0_@octokit+core@7.0.6": {
      "integrity": "sha512-UkOzeEN3W91/eBq9sPZNQ7sUBvYCqYbrrD8gTbBuGtHEuycE4/awMXcYvx6sVYo7LypPhmQwwpUe4Yyu4QZN5Q==",
      "dependencies": [
        "@octokit/core"
      ]
    },
    "@octokit/plugin-rest-endpoint-methods@17.0.0_@octokit+core@7.0.6": {
      "integrity": "sha512-B5yCyIlOJFPqUUeiD0cnBJwWJO8lkJs5d8+ze9QDP6SvfiXSz1BF+91+0MeI1d2yxgOhU/O+CvtiZ9jSkHhFAw==",
      "dependencies": [
        "@octokit/core",
        "@octokit/types@16.0.0"
      ]
    },
    "@octokit/plugin-retry@8.0.3_@octokit+core@7.0.6": {
      "integrity": "sha512-vKGx1i3MC0za53IzYBSBXcrhmd+daQDzuZfYDd52X5S0M2otf3kVZTVP8bLA3EkU0lTvd1WEC2OlNNa4G+dohA==",
      "dependencies": [
        "@octokit/core",
        "@octokit/request-error",
        "@octokit/types@16.0.0",
        "bottleneck"
      ]
    },
    "@octokit/plugin-throttling@11.0.3_@octokit+core@7.0.6": {
      "integrity": "sha512-34eE0RkFCKycLl2D2kq7W+LovheM/ex3AwZCYN8udpi6bxsyjZidb2McXs69hZhLmJlDqTSP8cH+jSRpiaijBg==",
      "dependencies": [
        "@octokit/core",
        "@octokit/types@16.0.0",
        "bottleneck"
      ]
    },
    "@octokit/request-error@7.0.2": {
      "integrity": "sha512-U8piOROoQQUyExw5c6dTkU3GKxts5/ERRThIauNL7yaRoeXW0q/5bgHWT7JfWBw1UyrbK8ERId2wVkcB32n0uQ==",
      "dependencies": [
        "@octokit/types@16.0.0"
      ]
    },
    "@octokit/request@10.0.6": {
      "integrity": "sha512-FO+UgZCUu+pPnZAR+iKdUt64kPE7QW7ciqpldaMXaNzixz5Jld8dJ31LAUewk0cfSRkNSRKyqG438ba9c/qDlQ==",
      "dependencies": [
        "@octokit/endpoint",
        "@octokit/request-error",
        "@octokit/types@16.0.0",
        "fast-content-type-parse",
        "universal-user-agent"
      ]
    },
    "@octokit/rest@22.0.1_@octokit+core@7.0.6": {
      "integrity": "sha512-Jzbhzl3CEexhnivb1iQ0KJ7s5vvjMWcmRtq5aUsKmKDrRW6z3r84ngmiFKFvpZjpiU/9/S6ITPFRpn5s/3uQJw==",
      "dependencies": [
        "@octokit/core",
        "@octokit/plugin-paginate-rest",
        "@octokit/plugin-request-log",
        "@octokit/plugin-rest-endpoint-methods"
      ]
    },
    "@octokit/types@15.0.2": {
      "integrity": "sha512-rR+5VRjhYSer7sC51krfCctQhVTmjyUMAaShfPB8mscVa8tSoLyon3coxQmXu0ahJoLVWl8dSGD/3OGZlFV44Q==",
      "dependencies": [
        "@octokit/openapi-types@26.0.0"
      ]
    },
    "@octokit/types@16.0.0": {
      "integrity": "sha512-sKq+9r1Mm4efXW1FCk7hFSeJo4QKreL/tTbR0rz/qx/r1Oa2VV83LTA/H/MuCOX7uCIJmQVRKBcbmWoySjAnSg==",
      "dependencies": [
        "@octokit/openapi-types@27.0.0"
      ]
    },
    "@octokit/webhooks-methods@6.0.0": {
      "integrity": "sha512-MFlzzoDJVw/GcbfzVC1RLR36QqkTLUf79vLVO3D+xn7r0QgxnFoLZgtrzxiQErAjFUOdH6fas2KeQJ1yr/qaXQ=="
    },
    "@octokit/webhooks@14.1.3": {
      "integrity": "sha512-gcK4FNaROM9NjA0mvyfXl0KPusk7a1BeA8ITlYEZVQCXF5gcETTd4yhAU0Kjzd8mXwYHppzJBWgdBVpIR9wUcQ==",
      "dependencies": [
        "@octokit/openapi-webhooks-types",
        "@octokit/request-error",
        "@octokit/webhooks-methods"
      ]
    },
    "@pinojs/redact@0.4.0": {
      "integrity": "sha512-k2ENnmBugE/rzQfEcdWHcCY+/FM3VLzH9cYEsbdsoqrvzAKRhUZeRNhAZvB8OitQJ1TBed3yqWtdjzS6wJKBwg=="
    },
    "@pkgjs/parseargs@0.11.0": {
      "integrity": "sha512-+1VkjdD0QBLPodGrJUeqarH8VAIvQODIbwh9XpP5Syisf7YoQgsJKPNFoqqLQlu+VQ/tVSshMR6loPMn8U+dPg=="
    },
    "@types/aws-lambda@8.10.156": {
      "integrity": "sha512-LElQP+QliVWykC7OF8dNr04z++HJCMO2lF7k9HuKoSDARqhcjHq8MzbrRwujCSDeBHIlvaimbuY/tVZL36KXFQ=="
    },
    "@types/bun@1.2.23": {
      "integrity": "sha512-le8ueOY5b6VKYf19xT3McVbXqLqmxzPXHsQT/q9JHgikJ2X22wyTW3g3ohz2ZMnp7dod6aduIiq8A14Xyimm0A==",
      "dependencies": [
        "bun-types"
      ]
    },
    "@types/fs-extra@11.0.1": {
      "integrity": "sha512-MxObHvNl4A69ofaTRU8DFqvgzzv8s9yRtaPPm5gud9HDNvpB3GPQFvNuTWAI59B9huVGV5jXYJwbCsmBsOGYWA==",
      "dependencies": [
        "@types/jsonfile",
        "@types/node@22.15.3"
      ]
    },
    "@types/jsonfile@6.1.4": {
      "integrity": "sha512-D5qGUYwjvnNNextdU59/+fI+spnwtTFmyQP0h+PfIOSkNfpU6AOICUOkm4i0OnSk+NyjdPJrxCDro0sJsWlRpQ==",
      "dependencies": [
        "@types/node@22.15.3"
      ]
    },
    "@types/node@22.15.3": {
      "integrity": "sha512-lX7HFZeHf4QG/J7tBZqrCAXwz9J5RD56Y6MpP0eJkka8p+K0RY/yBTW7CYFJ4VGCclxqOLKmiGP5juQc6MKgcw==",
      "dependencies": [
        "undici-types@6.21.0"
      ]
    },
    "@types/node@22.19.0": {
      "integrity": "sha512-xpr/lmLPQEj+TUnHmR+Ab91/glhJvsqcjB+yY0Ix9GO70H6Lb4FHH5GeqdOE5btAx7eIMwuHkp4H2MSkLcqWbA==",
      "dependencies": [
        "undici-types@6.21.0"
      ]
    },
    "@types/node@24.2.0": {
      "integrity": "sha512-3xyG3pMCq3oYCNg7/ZP+E1ooTaGB4cG8JWRsqqOYQdbWNY4zbaV0Ennrd7stjiJEFZCaybcIgpTjJWHRfBSIDw==",
      "dependencies": [
        "undici-types@7.10.0"
      ]
    },
    "@types/ramda@0.29.3": {
      "integrity": "sha512-Yh/RHkjN0ru6LVhSQtTkCRo6HXkfL9trot/2elzM/yXLJmbLm2v6kJc8yftTnwv1zvUob6TEtqI2cYjdqG3U0Q==",
      "dependencies": [
        "types-ramda"
      ]
    },
    "@types/react@19.2.2": {
      "integrity": "sha512-6mDvHUFSjyT2B2yeNx2nUgMxh9LtOWvkhIU3uePn2I2oyNymUAX1NIsdgviM4CH+JSrp2D2hsMvJOkxY+0wNRA==",
      "dependencies": [
        "csstype"
      ]
    },
    "@types/ws@8.18.1": {
      "integrity": "sha512-ThVF6DCVhA8kUGy+aazFQ4kXQ7E1Ty7A3ypFOe0IcJV8O/M511G99AW24irKrW56Wt44yG9+ij8FaqoBGkuBXg==",
      "dependencies": [
        "@types/node@24.2.0"
      ]
    },
    "aggregate-error@3.1.0": {
      "integrity": "sha512-4I7Td01quW/RpocfNayFdFVk1qSuoh0E7JrbRJ16nH01HhKFQ88INq9Sd+nd72zqRySlr9BmDA8xlEJ6vJMrYA==",
      "dependencies": [
        "clean-stack",
        "indent-string"
      ]
    },
    "ansi-regex@5.0.1": {
      "integrity": "sha512-quJQXlTSUGL2LH9SUXo8VwsY4soanhgo6LNSm84E1LBcE8s3O0wpdiRzyR9z/ZZJMlMWv37qOOb9pdJlMUEKFQ=="
    },
    "ansi-regex@6.1.0": {
      "integrity": "sha512-7HSX4QQb4CspciLpVFwyRe79O3xsIZDDLER21kERQ71oaPodF8jL725AgJMFAYbooIqolJoRLuM81SpeUkpkvA=="
    },
    "ansi-styles@4.3.0": {
      "integrity": "sha512-zbB9rCJAT1rbjiVDb2hqKFHNYLxgtk8NURxZ3IZwD3F6NtxbXZQCnnSi1Lkx+IDohdPlFp222wVALIheZJQSEg==",
      "dependencies": [
        "color-convert"
      ]
    },
    "ansi-styles@6.2.1": {
      "integrity": "sha512-bN798gFfQX+viw3R7yrGWRqnrN2oRkEkUjjl4JNn4E8GxxbjtG3FbrEIIY3l8/hrwUwIeCZvi4QuOTP4MErVug=="
    },
    "atomic-sleep@1.0.0": {
      "integrity": "sha512-kNOjDqAh7px0XWNI+4QbzoiR/nTkHAWNud2uvnJquD1/x5a7EQZMJT0AczqK0Qn67oY/TTQ1LbUKajZpp3I9tQ=="
    },
    "balanced-match@1.0.2": {
      "integrity": "sha512-3oSeUO0TMV67hN1AmbXsK4yaqU7tjiHlbxRDZOpH0KW9+CeX4bRAaX0Anxt0tx2MrpRpWwQaPwIlISEJhYU5Pw=="
    },
    "before-after-hook@4.0.0": {
      "integrity": "sha512-q6tR3RPqIB1pMiTRMFcZwuG5T8vwp+vUvEG0vuI6B+Rikh5BfPp2fQ82c925FOs+b0lcFQ8CFrL+KbilfZFhOQ=="
    },
    "bottleneck@2.19.5": {
      "integrity": "sha512-VHiNCbI1lKdl44tGrhNfU3lup0Tj/ZBMJB5/2ZbNXRCPuRCO7ed2mgcK4r17y+KB2EfuYuRaVlwNbAeaWGSpbw=="
    },
    "brace-expansion@2.0.1": {
      "integrity": "sha512-XnAIvQ8eM+kC6aULx6wuQiwVsnzsi9d3WxzV3FpWTGA19F621kwdbsAcFKXgKUHZWsy+mY6iL1sHTxWEFCytDA==",
      "dependencies": [
        "balanced-match"
      ]
    },
    "bun-types@1.2.23_@types+react@19.2.2": {
      "integrity": "sha512-R9f0hKAZXgFU3mlrA0YpE/fiDvwV0FT9rORApt2aQVWSuJDzZOyB5QLc0N/4HF57CS8IXJ6+L5E4W1bW6NS2Aw==",
      "dependencies": [
        "@types/node@24.2.0",
        "@types/react"
      ]
    },
    "cacache@18.0.4": {
      "integrity": "sha512-B+L5iIa9mgcjLbliir2th36yEwPftrzteHYujzsx3dFP/31GCHcIeS8f5MGd80odLOjaOvSpU3EEAmRQptkxLQ==",
      "dependencies": [
        "@npmcli/fs",
        "fs-minipass@3.0.3",
        "glob",
        "lru-cache@10.4.3",
        "minipass@7.1.2",
        "minipass-collect",
        "minipass-flush",
        "minipass-pipeline",
        "p-map",
        "ssri",
        "tar",
        "unique-filename"
      ]
    },
    "chownr@2.0.0": {
      "integrity": "sha512-bIomtDF5KGpdogkLd9VspvFzk9KfpyyGlS8YFVZl7TGPBHL5snIOnxeshwVgPteQ9b4Eydl+pVbIyE1DcvCWgQ=="
    },
    "clean-stack@2.2.0": {
      "integrity": "sha512-4diC9HaTE+KRAMWhDhrGOECgWZxoevMc5TlkObMqNSsVU62PYzXZ/SMTjzyGAFF1YusgxGcSWTEXBhp0CPwQ1A=="
    },
    "color-convert@2.0.1": {
      "integrity": "sha512-RRECPsj7iu/xb5oKYcsFHSppFNnsj/52OVTRKb4zP5onXwVF3zVmmToNcOfGC+CRDpfK/U584fMg38ZHCaElKQ==",
      "dependencies": [
        "color-name"
      ]
    },
    "color-name@1.1.4": {
      "integrity": "sha512-dOy+3AuW3a2wNbZHIuMZpTcgjGuLU/uBL/ubcZF9OXbDo8ff4O8yVp5Bf0efS8uEoYo5q4Fx7dY9OgQGXgAsQA=="
    },
    "cross-spawn@7.0.6": {
      "integrity": "sha512-uV2QOWP2nWzsy2aMp8aRibhi9dlzF5Hgh5SHaB9OiTGEyDTiJJyx0uy51QXdyWbtAHNua4XJzUKca3OzKUd3vA==",
      "dependencies": [
        "path-key",
        "shebang-command",
        "which"
      ]
    },
    "csstype@3.1.3": {
      "integrity": "sha512-M1uQkMl8rQK/szD0LNhtqxIPLpimGm8sOBwU7lLnCpSbTyY3yeU1Vc7l4KT5zT4s/yOxHH5O7tIuuLOCnLADRw=="
    },
    "data-uri-to-buffer@4.0.1": {
      "integrity": "sha512-0R9ikRb668HB7QDxT1vkpuUBtqc53YyAwMwGeUFKRojY/NWKvdZ+9UYtRfGmhqNbRkTSVpMbmyhXipFFv2cb/A=="
    },
    "date-fns@4.1.0": {
      "integrity": "sha512-Ukq0owbQXxa/U3EGtsdVBkR1w7KOQ5gIBqdH2hkvknzZPYvBxb/aa6E8L7tmjFtkwZBu3UXBbjIgPo/Ez4xaNg=="
    },
    "detect-libc@2.1.2": {
      "integrity": "sha512-Btj2BOOO83o3WyH59e8MgXsxEQVcarkUOpEYrubB0urwnN10yQ364rsiByU11nZlqWYZm05i/of7io4mzihBtQ=="
    },
    "discord-api-types@0.37.120": {
      "integrity": "sha512-7xpNK0EiWjjDFp2nAhHXezE4OUWm7s1zhc/UXXN6hnFFU8dfoPHgV0Hx0RPiCa3ILRpdeh152icc68DGCyXYIw=="
    },
    "discord-api-types@0.38.29": {
      "integrity": "sha512-+5BfrjLJN1hrrcK0MxDQli6NSv5lQH7Y3/qaOfk9+k7itex8RkA/UcevVMMLe8B4IKIawr4ITBTb2fBB2vDORg=="
    },
    "dotenv@17.2.3": {
      "integrity": "sha512-JVUnt+DUIzu87TABbhPmNfVdBDt18BLOWjMUFJMSi/Qqg7NTYtabbvSNJGOJ7afbRuv9D/lngizHtP7QyLQ+9w=="
    },
    "eastasianwidth@0.2.0": {
      "integrity": "sha512-I88TYZWc9XiYHRQ4/3c5rjjfgkjhLyW2luGIheGERbNQ6OY7yTybanSpDXZa8y7VUP9YmDcYa+eyq4ca7iLqWA=="
    },
    "emoji-regex@8.0.0": {
      "integrity": "sha512-MSjYzcWNOA0ewAHpz0MxpYFvwg6yjy1NG3xteoqz644VCo/RPgnr1/GGt+ic3iJTzQ8Eu3TdM14SawnVUmGE6A=="
    },
    "emoji-regex@9.2.2": {
      "integrity": "sha512-L18DaJsXSUk2+42pv8mLs5jJT2hqFkFE4j21wOmgbUqsZ2hL72NsUU785g9RXgo3s0ZNgVl42TiHp3ZtOv/Vyg=="
    },
    "es-toolkit@1.41.0": {
      "integrity": "sha512-bDd3oRmbVgqZCJS6WmeQieOrzpl3URcWBUVDXxOELlUW2FuW+0glPOz1n0KnRie+PdyvUZcXz2sOn00c6pPRIA=="
    },
    "fast-content-type-parse@3.0.0": {
      "integrity": "sha512-ZvLdcY8P+N8mGQJahJV5G4U88CSvT1rP8ApL6uETe88MBXrBHAkZlSEySdUlyztF7ccb+Znos3TFqaepHxdhBg=="
    },
    "fast-fuzzy@1.12.0": {
      "integrity": "sha512-sXxGgHS+ubYpsdLnvOvJ9w5GYYZrtL9mkosG3nfuD446ahvoWEsSKBP7ieGmWIKVLnaxRDgUJkZMdxRgA2Ni+Q==",
      "dependencies": [
        "graphemesplit"
      ]
    },
    "fetch-blob@3.2.0": {
      "integrity": "sha512-7yAQpD2UMJzLi1Dqv7qFYnPbaPx7ZfFK6PiIxQ4PfkGPyNyl2Ugx+a/umUonmKqjhM4DnfbMvdX6otXq83soQQ==",
      "dependencies": [
        "node-domexception",
        "web-streams-polyfill"
      ]
    },
    "file-system-cache@2.4.7": {
      "integrity": "sha512-VEUHQCtl3hjDH0bfjjwzuH6pP1rpmf1pjwQhiKm3cfcZnMidz7ILtjDecQz4yM8xidvoBSIdOke3GLe90gE1LQ==",
      "dependencies": [
        "@types/fs-extra",
        "@types/ramda",
        "fs-extra",
        "ramda"
      ]
    },
    "foreground-child@3.3.1": {
      "integrity": "sha512-gIXjKqtFuWEgzFRJA9WCQeSJLZDjgJUOMCMzxtvFq/37KojM1BFGufqsCy0r4qSQmYLsZYMeyRqzIWOMup03sw==",
      "dependencies": [
        "cross-spawn",
        "signal-exit"
      ]
    },
    "formdata-node@6.0.3": {
      "integrity": "sha512-8e1++BCiTzUno9v5IZ2J6bv4RU+3UKDmqWUQD0MIMVCd9AdhWkO1gw57oo1mNEX1dMq2EGI+FbWz4B92pscSQg=="
    },
    "formdata-polyfill@4.0.10": {
      "integrity": "sha512-buewHzMvYL29jdeQTVILecSaZKnt/RJWjoZCF5OW60Z67/GmSLBkOFM7qh1PI3zFNtJbaZL5eQu1vLfazOwj4g==",
      "dependencies": [
        "fetch-blob"
      ]
    },
    "fs-extra@11.1.1": {
      "integrity": "sha512-MGIE4HOvQCeUCzmlHs0vXpih4ysz4wg9qiSAu6cd42lVwPbTM1TjV7RusoyQqMmk/95gdQZX72u+YW+c3eEpFQ==",
      "dependencies": [
        "graceful-fs",
        "jsonfile",
        "universalify"
      ]
    },
    "fs-minipass@2.1.0": {
      "integrity": "sha512-V/JgOLFCS+R6Vcq0slCuaeWEdNC3ouDlJMNIsacH2VtALiu9mV4LPrHc5cDl8k5aw6J8jwgWWpiTo5RYhmIzvg==",
      "dependencies": [
        "minipass@3.3.6"
      ]
    },
    "fs-minipass@3.0.3": {
      "integrity": "sha512-XUBA9XClHbnJWSfBzjkm6RvPsyg3sryZt06BEQoXcF7EK/xpGaQYJgQKDJSUH5SGZ76Y7pFx1QBnXz09rU5Fbw==",
      "dependencies": [
        "minipass@7.1.2"
      ]
    },
    "fuse.js@7.1.0": {
      "integrity": "sha512-trLf4SzuuUxfusZADLINj+dE8clK1frKdmqiJNb1Es75fmI5oY6X2mxLVUciLLjxqw/xr72Dhy+lER6dGd02FQ=="
    },
    "glob@10.4.5": {
      "integrity": "sha512-7Bv8RF0k6xjo7d4A/PxYLbUCfb6c+Vpd2/mB2yRDlew7Jb5hEXiCD9ibfO7wpk8i4sevK6DFny9h7EYbM3/sHg==",
      "dependencies": [
        "foreground-child",
        "jackspeak",
        "minimatch",
        "minipass@7.1.2",
        "package-json-from-dist",
        "path-scurry"
      ],
      "bin": true
    },
    "graceful-fs@4.2.11": {
      "integrity": "sha512-RbJ5/jmFcNNCcDV5o9eTnBLJ/HszWV0P73bc+Ff4nS/rJj+YaS6IGyiOL0VoBYX+l1Wrl3k63h/KrH+nhJ0XvQ=="
    },
    "graphemesplit@2.6.0": {
      "integrity": "sha512-rG9w2wAfkpg0DILa1pjnjNfucng3usON360shisqIMUBw/87pojcBSrHmeE4UwryAuBih7g8m1oilf5/u8EWdQ==",
      "dependencies": [
        "js-base64",
        "unicode-trie"
      ]
    },
    "hono@4.7.10": {
      "integrity": "sha512-QkACju9MiN59CKSY5JsGZCYmPZkA6sIW6OFCUp7qDjZu6S6KHtJHhAc9Uy9mV9F8PJ1/HQ3ybZF2yjCa/73fvQ=="
    },
    "imurmurhash@0.1.4": {
      "integrity": "sha512-JmXMZ6wuvDmLiHEml9ykzqO6lwFbof0GG4IkcGaENdCRDDmMVnny7s5HsIgHCbaq0w2MyPhDqkhTUgS2LU2PHA=="
    },
    "indent-string@4.0.0": {
      "integrity": "sha512-EdDDZu4A2OyIK7Lr/2zG+w5jmbuk1DVBnEwREQvBzspBJkCEbRa8GxU1lghYcaGJCnRWibjDXlq779X1/y5xwg=="
    },
    "is-fullwidth-code-point@3.0.0": {
      "integrity": "sha512-zymm5+u+sCsSWyD9qNaejV3DFvhCKclKdizYaJUuHA83RLjb7nSuGnddCHGv0hk+KY7BMAlsWeK4Ueg6EV6XQg=="
    },
    "isexe@2.0.0": {
      "integrity": "sha512-RHxMLp9lnKHGHRng9QFhRCMbYAcVpn69smSGcq3f36xjgVVWThj4qqLbTLlq7Ssj8B+fIQ1EuCEGI2lKsyQeIw=="
    },
    "jackspeak@3.4.3": {
      "integrity": "sha512-OGlZQpz2yfahA/Rd1Y8Cd9SIEsqvXkLVoSw/cgwhnhFMDbsQFeZYoJJ7bIZBS9BcamUW96asq/npPWugM+RQBw==",
      "dependencies": [
        "@isaacs/cliui"
      ],
      "optionalDependencies": [
        "@pkgjs/parseargs"
      ]
    },
    "js-base64@3.7.7": {
      "integrity": "sha512-7rCnleh0z2CkXhH67J8K1Ytz0b2Y+yxTPL+/KOJoa20hfnVQ/3/T6W/KflYI4bRHRagNeXeU2bkNGI3v1oS/lw=="
    },
    "jsonfile@6.1.0": {
      "integrity": "sha512-5dgndWOriYSm5cnYaJNhalLNDKOqFwyDB/rr1E9ZsGciGvKPs8R2xYGCacuf3z6K1YKDz182fd+fY3cn3pMqXQ==",
      "dependencies": [
        "universalify"
      ],
      "optionalDependencies": [
        "graceful-fs"
      ]
    },
    "ky-universal@0.12.0_ky@1.14.0": {
      "integrity": "sha512-dGXoWBaHXIkiph3871I9H3KAgTE+fGOTAfTdO3wxb+Mg7seBa9rmWZmK29R38s8bZMDKulyELnwusOI8odCBvQ==",
      "dependencies": [
        "ky",
        "node-fetch"
      ]
    },
    "ky@1.14.0": {
      "integrity": "sha512-Rczb6FMM6JT0lvrOlP5WUOCB7s9XKxzwgErzhKlKde1bEV90FXplV1o87fpt4PU/asJFiqjYJxAJyzJhcrxOsQ=="
    },
    "locko@1.1.0": {
      "integrity": "sha512-pYB2dzRY93fJkg2RIl41AMNgTQftEjyTK9vlPrGOJvuGQsOjb267VJBw15BjiN3RBd1oBoKkOu9E2dRdFKIfAA=="
    },
    "lru-cache@10.4.3": {
      "integrity": "sha512-JNAzZcXrCt42VGLuYz0zfAzDfAvJWW6AfYlDBQyDV5DClI2m5sAmK+OIO7s59XfsRsWHp02jAJrRadPRGTt6SQ=="
    },
    "lru-cache@11.2.2": {
      "integrity": "sha512-F9ODfyqML2coTIsQpSkRHnLSZMtkU8Q+mSfcaIyKwy58u+8k5nvAYeiNhsyMARvzNcXJ9QfWVrcPsC9e9rAxtg=="
    },
    "minimatch@9.0.5": {
      "integrity": "sha512-G6T0ZX48xgozx7587koeX9Ys2NYy6Gmv//P89sEte9V9whIapMNF4idKxnW2QtCcLiTWlb/wfCabAtAFWhhBow==",
      "dependencies": [
        "brace-expansion"
      ]
    },
    "minipass-collect@2.0.1": {
      "integrity": "sha512-D7V8PO9oaz7PWGLbCACuI1qEOsq7UKfLotx/C0Aet43fCUB/wfQ7DYeq2oR/svFJGYDHPr38SHATeaj/ZoKHKw==",
      "dependencies": [
        "minipass@7.1.2"
      ]
    },
    "minipass-flush@1.0.5": {
      "integrity": "sha512-JmQSYYpPUqX5Jyn1mXaRwOda1uQ8HP5KAT/oDSLCzt1BYRhQU0/hDtsB1ufZfEEzMZ9aAVmsBw8+FWsIXlClWw==",
      "dependencies": [
        "minipass@3.3.6"
      ]
    },
    "minipass-pipeline@1.2.4": {
      "integrity": "sha512-xuIq7cIOt09RPRJ19gdi4b+RiNvDFYe5JH+ggNvBqGqpQXcru3PcRmOZuHBKWK1Txf9+cQ+HMVN4d6z46LZP7A==",
      "dependencies": [
        "minipass@3.3.6"
      ]
    },
    "minipass@3.3.6": {
      "integrity": "sha512-DxiNidxSEK+tHG6zOIklvNOwm3hvCrbUrdtzY74U6HKTJxvIDfOUL5W5P2Ghd3DTkhhKPYGqeNUIh5qcM4YBfw==",
      "dependencies": [
        "yallist"
      ]
    },
    "minipass@5.0.0": {
      "integrity": "sha512-3FnjYuehv9k6ovOEbyOswadCDPX1piCfhV8ncmYtHOjuPwylVWsghTLo7rabjC3Rx5xD4HDx8Wm1xnMF7S5qFQ=="
    },
    "minipass@7.1.2": {
      "integrity": "sha512-qOOzS1cBTWYF4BH8fVePDBOO9iptMnGUEZwNc/cMWnTV2nVLZ7VoNWEPHkYczZA0pdoA7dl6e7FL659nX9S2aw=="
    },
    "minizlib@2.1.2": {
      "integrity": "sha512-bAxsR8BVfj60DWXHE3u30oHzfl4G7khkSuPW+qvpd7jFRHm7dLxOjUk1EHACJ/hxLY8phGJ0YhYHZo7jil7Qdg==",
      "dependencies": [
        "minipass@3.3.6",
        "yallist"
      ]
    },
    "mkdirp@1.0.4": {
      "integrity": "sha512-vVqVZQyf3WLx2Shd0qJ9xuvqgAyKPLAiqITEtqW0oIUjzo3PePDd6fW9iFz30ef7Ysp/oiWqbhszeGWW2T6Gzw==",
      "bin": true
    },
    "node-domexception@1.0.0": {
      "integrity": "sha512-/jKZoMpw0F8GRwl4/eLROPA3cfcXtLApP0QzLmUT/HuPCZWyB7IY9ZrMeKw2O/nFIqPQB3PVM9aYm0F312AXDQ==",
      "deprecated": true
    },
    "node-fetch-cache@5.0.2": {
      "integrity": "sha512-ubwGjofT4XlbKwLTPEYUjWin2rpFCqduTAKB7YuCRmMCMd+Z/9LvwcPbzOUF52WjIh0MmwPtOnuu7OozaEMPHQ==",
      "dependencies": [
        "cacache",
        "formdata-node",
        "locko",
        "node-fetch"
      ]
    },
    "node-fetch@3.3.2": {
      "integrity": "sha512-dRB78srN/l6gqWulah9SrxeYnxeddIG30+GOqK/9OlLVyLg3HPnr6SqOWTWOXKRwC2eGYCkZ59NNuSgvSrpgOA==",
      "dependencies": [
        "data-uri-to-buffer",
        "fetch-blob",
        "formdata-polyfill"
      ]
    },
    "octokit@5.0.5_@octokit+core@7.0.6": {
      "integrity": "sha512-4+/OFSqOjoyULo7eN7EA97DE0Xydj/PW5aIckxqQIoFjFwqXKuFCvXUJObyJfBF9Khu4RL/jlDRI9FPaMGfPnw==",
      "dependencies": [
        "@octokit/app",
        "@octokit/core",
        "@octokit/oauth-app",
        "@octokit/plugin-paginate-graphql",
        "@octokit/plugin-paginate-rest",
        "@octokit/plugin-rest-endpoint-methods",
        "@octokit/plugin-retry",
        "@octokit/plugin-throttling",
        "@octokit/request-error",
        "@octokit/types@16.0.0",
        "@octokit/webhooks"
      ]
    },
    "on-exit-leak-free@2.1.2": {
      "integrity": "sha512-0eJJY6hXLGf1udHwfNftBqH+g73EU4B504nZeKpz1sYRKafAghwxEJunB2O7rDZkL4PGfsMVnTXZ2EjibbqcsA=="
    },
    "p-map@4.0.0": {
      "integrity": "sha512-/bjOqmgETBYB5BoEeGVea8dmvHb2m9GLy1E9W43yeyfP6QQCZGFNa+XRceJEuDB6zqr+gKpIAmlLebMpykw/MQ==",
      "dependencies": [
        "aggregate-error"
      ]
    },
    "package-json-from-dist@1.0.1": {
      "integrity": "sha512-UEZIS3/by4OC8vL3P2dTXRETpebLI2NiI5vIrjaD/5UtrkFX/tNbwjTSRAGC/+7CAo2pIcBaRgWmcBBHcsaCIw=="
    },
    "pako@0.2.9": {
      "integrity": "sha512-NUcwaKxUxWrZLpDG+z/xZaCgQITkA/Dv4V/T6bw7VON6l1Xz/VnrBqrYjZQ12TamKHzITTfOEIYUj48y2KXImA=="
    },
    "path-key@3.1.1": {
      "integrity": "sha512-ojmeN0qd+y0jszEtoY48r0Peq5dwMEkIlCOu6Q5f41lfkswXuKtYrhgoTpLnyIcHm24Uhqx+5Tqm2InSwLhE6Q=="
    },
    "path-scurry@1.11.1": {
      "integrity": "sha512-Xa4Nw17FS9ApQFJ9umLiJS4orGjm7ZzwUrwamcGQuHSzDyth9boKDaycYdDcZDuqYATXw4HFXgaqWTctW/v1HA==",
      "dependencies": [
        "lru-cache@10.4.3",
        "minipass@7.1.2"
      ]
    },
    "pino-abstract-transport@2.0.0": {
      "integrity": "sha512-F63x5tizV6WCh4R6RHyi2Ml+M70DNRXt/+HANowMflpgGFMAym/VKm6G7ZOQRjqN7XbGxK1Lg9t6ZrtzOaivMw==",
      "dependencies": [
        "split2"
      ]
    },
    "pino-std-serializers@7.0.0": {
      "integrity": "sha512-e906FRY0+tV27iq4juKzSYPbUj2do2X2JX4EzSca1631EB2QJQUqGbDuERal7LCtOpxl6x3+nvo9NPZcmjkiFA=="
    },
    "pino@10.1.0": {
      "integrity": "sha512-0zZC2ygfdqvqK8zJIr1e+wT1T/L+LF6qvqvbzEQ6tiMAoTqEVK9a1K3YRu8HEUvGEvNqZyPJTtb2sNIoTkB83w==",
      "dependencies": [
        "@pinojs/redact",
        "atomic-sleep",
        "on-exit-leak-free",
        "pino-abstract-transport",
        "pino-std-serializers",
        "process-warning",
        "quick-format-unescaped",
        "real-require",
        "safe-stable-stringify",
        "sonic-boom",
        "thread-stream"
      ],
      "bin": true
    },
    "process-warning@5.0.0": {
      "integrity": "sha512-a39t9ApHNx2L4+HBnQKqxxHNs1r7KF+Intd8Q/g1bUh6q0WIp9voPXJ/x0j+ZL45KF1pJd9+q2jLIRMfvEshkA=="
    },
    "quick-format-unescaped@4.0.4": {
      "integrity": "sha512-tYC1Q1hgyRuHgloV/YXs2w15unPVh8qfu/qCTfhTYamaw7fyhumKa2yGpdSo87vY32rIclj+4fWYQXUMs9EHvg=="
    },
    "ramda@0.29.0": {
      "integrity": "sha512-BBea6L67bYLtdbOqfp8f58fPMqEwx0doL+pAi8TZyp2YWz8R9G8z9x75CZI8W+ftqhFHCpEX2cRnUUXK130iKA=="
    },
    "real-require@0.2.0": {
      "integrity": "sha512-57frrGM/OCTLqLOAh0mhVA9VBMHd+9U7Zb2THMGdBUoZVOtGbJzjxsYGDJ3A9AYYCP4hn6y1TVbaOfzWtm5GFg=="
    },
    "safe-stable-stringify@2.5.0": {
      "integrity": "sha512-b3rppTKm9T+PsVCBEOUR46GWI7fdOs00VKZ1+9c1EWDaDMvjQc6tUwuFyIprgGgTcWoVHSKrU8H31ZHA2e0RHA=="
    },
    "semver@7.7.2": {
      "integrity": "sha512-RF0Fw+rO5AMf9MAyaRXI4AV0Ulj5lMHqVxxdSgiVbixSCXoEmmX/jk0CuJw4+3SqroYO9VoUh+HcuJivvtJemA==",
      "bin": true
    },
    "semver@7.7.3": {
      "integrity": "sha512-SdsKMrI9TdgjdweUSR9MweHA4EJ8YxHn8DFaDisvhVlUOe4BF1tLD7GAj0lIqWVl+dPb/rExr0Btby5loQm20Q==",
      "bin": true
    },
    "sharp@0.34.5": {
      "integrity": "sha512-Ou9I5Ft9WNcCbXrU9cMgPBcCK8LiwLqcbywW3t4oDV37n1pzpuNLsYiAV8eODnjbtQlSDwZ2cUEeQz4E54Hltg==",
      "dependencies": [
        "@img/colour",
        "detect-libc",
        "semver@7.7.3"
      ],
      "optionalDependencies": [
        "@img/sharp-darwin-arm64",
        "@img/sharp-darwin-x64",
        "@img/sharp-libvips-darwin-arm64",
        "@img/sharp-libvips-darwin-x64",
        "@img/sharp-libvips-linux-arm",
        "@img/sharp-libvips-linux-arm64",
        "@img/sharp-libvips-linux-ppc64",
        "@img/sharp-libvips-linux-riscv64",
        "@img/sharp-libvips-linux-s390x",
        "@img/sharp-libvips-linux-x64",
        "@img/sharp-libvips-linuxmusl-arm64",
        "@img/sharp-libvips-linuxmusl-x64",
        "@img/sharp-linux-arm",
        "@img/sharp-linux-arm64",
        "@img/sharp-linux-ppc64",
        "@img/sharp-linux-riscv64",
        "@img/sharp-linux-s390x",
        "@img/sharp-linux-x64",
        "@img/sharp-linuxmusl-arm64",
        "@img/sharp-linuxmusl-x64",
        "@img/sharp-wasm32",
        "@img/sharp-win32-arm64",
        "@img/sharp-win32-ia32",
        "@img/sharp-win32-x64"
      ],
      "scripts": true
    },
    "shebang-command@2.0.0": {
      "integrity": "sha512-kHxr2zZpYtdmrN1qDjrrX/Z1rR1kG8Dx+gkpK1G4eXmvXswmcE1hTWBWYUzlraYw1/yZp6YuDY77YtvbN0dmDA==",
      "dependencies": [
        "shebang-regex"
      ]
    },
    "shebang-regex@3.0.0": {
      "integrity": "sha512-7++dFhtcx3353uBaq8DDR4NuxBetBzC7ZQOhmTQInHEd6bSrXdiEyzCvG07Z44UYdLShWUyXt5M/yhz8ekcb1A=="
    },
    "signal-exit@4.1.0": {
      "integrity": "sha512-bzyZ1e88w9O1iNJbKnOlvYTrWPDl46O1bG0D3XInv+9tkPrxrN8jUUTiFlDkkmKWgn1M6CfIA13SuGqOa9Korw=="
    },
    "sonic-boom@4.2.0": {
      "integrity": "sha512-INb7TM37/mAcsGmc9hyyI6+QR3rR1zVRu36B0NeGXKnOOLiZOfER5SA+N7X7k3yUYRzLWafduTDvJAfDswwEww==",
      "dependencies": [
        "atomic-sleep"
      ]
    },
    "split2@4.2.0": {
      "integrity": "sha512-UcjcJOWknrNkF6PLX83qcHM6KHgVKNkV62Y8a5uYDVv9ydGQVwAHMKqHdJje1VTWpljG0WYpCDhrCdAOYH4TWg=="
    },
    "ssri@10.0.6": {
      "integrity": "sha512-MGrFH9Z4NP9Iyhqn16sDtBpRRNJ0Y2hNa6D65h736fVSaPCHr4DM4sWUNvVaSuC+0OBGhwsrydQwmgfg5LncqQ==",
      "dependencies": [
        "minipass@7.1.2"
      ]
    },
    "string-width@4.2.3": {
      "integrity": "sha512-wKyQRQpjJ0sIp62ErSZdGsjMJWsap5oRNihHhu6G7JVO/9jIB6UyevL+tXuOqrng8j/cxKTWyWUwvSTriiZz/g==",
      "dependencies": [
        "emoji-regex@8.0.0",
        "is-fullwidth-code-point",
        "strip-ansi@6.0.1"
      ]
    },
    "string-width@5.1.2": {
      "integrity": "sha512-HnLOCR3vjcY8beoNLtcjZ5/nxn2afmME6lhrDrebokqMap+XbeW8n9TXpPDOqdGK5qcI3oT0GKTW6wC7EMiVqA==",
      "dependencies": [
        "eastasianwidth",
        "emoji-regex@9.2.2",
        "strip-ansi@7.1.0"
      ]
    },
    "strip-ansi@6.0.1": {
      "integrity": "sha512-Y38VPSHcqkFrCpFnQ9vuSXmquuv5oXOKpGeT6aGrr3o3Gc9AlVa6JBfUSOCnbxGGZF+/0ooI7KrPuUSztUdU5A==",
      "dependencies": [
        "ansi-regex@5.0.1"
      ]
    },
    "strip-ansi@7.1.0": {
      "integrity": "sha512-iq6eVVI64nQQTRYq2KtEg2d2uU7LElhTJwsH4YzIHZshxlgZms/wIc4VoDQTlG/IvVIrBKG06CrZnp0qv7hkcQ==",
      "dependencies": [
        "ansi-regex@6.1.0"
      ]
    },
    "tar@6.2.1": {
      "integrity": "sha512-DZ4yORTwrbTj/7MZYq2w+/ZFdI6OZ/f9SFHR+71gIVUZhOQPHzVCLpvRnPgyaMpfWxxk/4ONva3GQSyNIKRv6A==",
      "dependencies": [
        "chownr",
        "fs-minipass@2.1.0",
        "minipass@5.0.0",
        "minizlib",
        "mkdirp",
        "yallist"
      ]
    },
    "thread-stream@3.1.0": {
      "integrity": "sha512-OqyPZ9u96VohAyMfJykzmivOrY2wfMSf3C5TtFJVgN+Hm6aj+voFhlK+kZEIv2FBh1X6Xp3DlnCOfEQ3B2J86A==",
      "dependencies": [
        "real-require"
      ]
    },
    "tiny-inflate@1.0.3": {
      "integrity": "sha512-pkY1fj1cKHb2seWDy0B16HeWyczlJA9/WW3u3c4z/NiWDsO3DOU5D7nhTLE9CF0yXv/QZFY7sEJmj24dK+Rrqw=="
    },
    "toad-cache@3.7.0": {
      "integrity": "sha512-/m8M+2BJUpoJdgAHoG+baCwBT+tf2VraSfkBgl0Y00qIWt41DJ8R5B8nsEw0I58YwF5IZH6z24/2TobDKnqSWw=="
    },
    "ts-toolbelt@9.6.0": {
      "integrity": "sha512-nsZd8ZeNUzukXPlJmTBwUAuABDe/9qtVDelJeT/qW0ow3ZS3BsQJtNkan1802aM9Uf68/Y8ljw86Hu0h5IUW3w=="
    },
    "tslib@2.8.1": {
      "integrity": "sha512-oJFu94HQb+KVduSUQL7wnpmqnfmLsOA/nAh6b6EH0wCEoK0/mPeXU6c3wKDV83MkOuHPRHtSXKKU99IBazS/2w=="
    },
    "types-ramda@0.29.10": {
      "integrity": "sha512-5PJiW/eiTPyXXBYGZOYGezMl6qj7keBiZheRwfjJZY26QPHsNrjfJnz0mru6oeqqoTHOni893Jfd6zyUXfQRWg==",
      "dependencies": [
        "ts-toolbelt"
      ]
    },
    "typescript-result@3.1.1": {
      "integrity": "sha512-KQ7SdBa1UcZCu+qI7pgZ1FdzBIlGiyoHTaQQDshtsKCKiPdzLlkU6OWkJuhjzo+xl+y+dOVO+2HyyEpODNDHyw=="
    },
    "undici-types@6.21.0": {
      "integrity": "sha512-iwDZqg0QAGrg9Rav5H4n0M64c3mkR59cJ6wQp+7C4nI0gsmExaedaYLNO44eT4AtBBwjbTiGPMlt2Md0T9H9JQ=="
    },
    "undici-types@7.10.0": {
      "integrity": "sha512-t5Fy/nfn+14LuOc2KNYg75vZqClpAiqscVvMygNnlsHBFpSXdJaYtXMcdNLpl/Qvc3P2cB3s6lOV51nqsFq4ag=="
    },
    "unicode-trie@2.0.0": {
      "integrity": "sha512-x7bc76x0bm4prf1VLg79uhAzKw8DVboClSN5VxJuQ+LKDOVEW9CdH+VY7SP+vX7xCYQqzzgQpFqz15zeLvAtZQ==",
      "dependencies": [
        "pako",
        "tiny-inflate"
      ]
    },
    "unique-filename@3.0.0": {
      "integrity": "sha512-afXhuC55wkAmZ0P18QsVE6kp8JaxrEokN2HGIoIVv2ijHQd419H0+6EigAFcIzXeMIkcIkNBpB3L/DXB3cTS/g==",
      "dependencies": [
        "unique-slug"
      ]
    },
    "unique-slug@4.0.0": {
      "integrity": "sha512-WrcA6AyEfqDX5bWige/4NQfPZMtASNVxdmWR76WESYQVAACSgWcR6e9i0mofqqBxYFtL4oAxPIptY73/0YE1DQ==",
      "dependencies": [
        "imurmurhash"
      ]
    },
    "universal-github-app-jwt@2.2.2": {
      "integrity": "sha512-dcmbeSrOdTnsjGjUfAlqNDJrhxXizjAz94ija9Qw8YkZ1uu0d+GoZzyH+Jb9tIIqvGsadUfwg+22k5aDqqwzbw=="
    },
    "universal-user-agent@7.0.3": {
      "integrity": "sha512-TmnEAEAsBJVZM/AADELsK76llnwcf9vMKuPz8JflO1frO8Lchitr0fNaN9d+Ap0BjKtqWqd/J17qeDnXh8CL2A=="
    },
    "universalify@2.0.1": {
      "integrity": "sha512-gptHNQghINnc/vTGIk0SOFGFNXw7JVrlRUtConJRlvaw6DuX0wO5Jeko9sWrMBhh+PsYAZ7oXAiOnf/UKogyiw=="
    },
    "web-streams-polyfill@3.3.3": {
      "integrity": "sha512-d2JWLCivmZYTSIoge9MsgFCZrt571BikcWGYkjC1khllbTeDlGqZ2D8vD8E/lJa8WGWbb7Plm8/XJYV7IJHZZw=="
    },
    "which@2.0.2": {
      "integrity": "sha512-BLI3Tl1TW3Pvl70l3yq3Y64i+awpwXqsGBYWkkqMtnbXgrMD+yj7rhW0kuEDxzJaYXGjEW5ogapKNMEKNMjibA==",
      "dependencies": [
        "isexe"
      ],
      "bin": true
    },
    "wrap-ansi@7.0.0": {
      "integrity": "sha512-YVGIj2kamLSTxw6NsZjoBxfSwsn0ycdesmc4p+Q21c5zPuZ1pl+NfxVdxPtdHvmNVOQ6XSYG4AUtyt/Fi7D16Q==",
      "dependencies": [
        "ansi-styles@4.3.0",
        "string-width@4.2.3",
        "strip-ansi@6.0.1"
      ]
    },
    "wrap-ansi@8.1.0": {
      "integrity": "sha512-si7QWI6zUMq56bESFvagtmzMdGOtoxfR+Sez11Mobfc7tm+VkUckk9bW2UeffTGVUbOksxmSw0AA2gs8g71NCQ==",
      "dependencies": [
        "ansi-styles@6.2.1",
        "string-width@5.1.2",
        "strip-ansi@7.1.0"
      ]
    },
    "ws@8.18.3": {
      "integrity": "sha512-PEIGCY5tSlUt50cqyMXfCzX+oOPqN0vuGqWzbcJ2xvnkzkq46oOpz7dQaTDBdfICb4N14+GARUDw2XV2N4tvzg=="
    },
    "yallist@4.0.0": {
      "integrity": "sha512-3wdGidZyq5PB084XLES5TpOSRA3wjXAlIWMhum2kRcv/41Sn2emQ0dycQW4uZXLejwKvg6EsvbdlVL+FYEct7A=="
    }
  },
  "workspace": {
    "dependencies": [
      "jsr:@std/assert@1",
      "jsr:@std/uuid@^1.0.9",
      "npm:@buape/carbon@0.13.0",
      "npm:@discordjs/formatters@0.6.0",
      "npm:@octokit/plugin-create-or-update-text-file@^6.0.2",
      "npm:@octokit/rest@^22.0.1",
      "npm:date-fns@^4.1.0",
      "npm:dotenv@^17.2.3",
      "npm:es-toolkit@^1.41.0",
      "npm:fast-fuzzy@^1.12.0",
      "npm:fuse.js@^7.1.0",
      "npm:hono@^4.7.10",
      "npm:ky@^1.14.0",
      "npm:lru-cache@^11.2.2",
      "npm:octokit@^5.0.5",
      "npm:pino@^10.1.0",
      "npm:safe-stable-stringify@^2.5.0",
      "npm:sharp@~0.34.5"
    ]
  }
}
